
Microsoft Visual Studio Solution File, Format Version 12.00
# Visual Studio 15
VisualStudioVersion = 15.0.26124.0
MinimumVisualStudioVersion = 15.0.26124.0
Project("{FAE04EC0-301F-11D3-BF4B-00C04F79EFBC}") = "Day1", "Day1\Day1.csproj", "{6C1B749D-4651-4DD5-8366-3814DEE12901}"
EndProject
Project("{FAE04EC0-301F-11D3-BF4B-00C04F79EFBC}") = "Day1.Tests", "Day1.Tests\Day1.Tests.csproj", "{B6DEDBD4-24E4-469A-BF57-59DE1DE84921}"
EndProject
Project("{FAE04EC0-301F-11D3-BF4B-00C04F79EFBC}") = "Day2", "Day2\Day2.csproj", "{4F82E5E1-908E-456F-9818-4E0C761F43C6}"
EndProject
Project("{FAE04EC0-301F-11D3-BF4B-00C04F79EFBC}") = "Day2.Tests", "Day2.Tests\Day2.Tests.csproj", "{483F8027-01BE-4FE8-9C3B-A8CE32B0CF8F}"
EndProject
Global
	GlobalSection(SolutionConfigurationPlatforms) = preSolution
		Debug|Any CPU = Debug|Any CPU
		Debug|x64 = Debug|x64
		Debug|x86 = Debug|x86
		Release|Any CPU = Release|Any CPU
		Release|x64 = Release|x64
		Release|x86 = Release|x86
	EndGlobalSection
	GlobalSection(SolutionProperties) = preSolution
		HideSolutionNode = FALSE
	EndGlobalSection
	GlobalSection(ProjectConfigurationPlatforms) = postSolution
		{6C1B749D-4651-4DD5-8366-3814DEE12901}.Debug|Any CPU.ActiveCfg = Debug|Any CPU
		{6C1B749D-4651-4DD5-8366-3814DEE12901}.Debug|Any CPU.Build.0 = Debug|Any CPU
		{6C1B749D-4651-4DD5-8366-3814DEE12901}.Debug|x64.ActiveCfg = Debug|Any CPU
		{6C1B749D-4651-4DD5-8366-3814DEE12901}.Debug|x64.Build.0 = Debug|Any CPU
		{6C1B749D-4651-4DD5-8366-3814DEE12901}.Debug|x86.ActiveCfg = Debug|Any CPU
		{6C1B749D-4651-4DD5-8366-3814DEE12901}.Debug|x86.Build.0 = Debug|Any CPU
		{6C1B749D-4651-4DD5-8366-3814DEE12901}.Release|Any CPU.ActiveCfg = Release|Any CPU
		{6C1B749D-4651-4DD5-8366-3814DEE12901}.Release|Any CPU.Build.0 = Release|Any CPU
		{6C1B749D-4651-4DD5-8366-3814DEE12901}.Release|x64.ActiveCfg = Release|Any CPU
		{6C1B749D-4651-4DD5-8366-3814DEE12901}.Release|x64.Build.0 = Release|Any CPU
		{6C1B749D-4651-4DD5-8366-3814DEE12901}.Release|x86.ActiveCfg = Release|Any CPU
		{6C1B749D-4651-4DD5-8366-3814DEE12901}.Release|x86.Build.0 = Release|Any CPU
		{B6DEDBD4-24E4-469A-BF57-59DE1DE84921}.Debug|Any CPU.ActiveCfg = Debug|Any CPU
		{B6DEDBD4-24E4-469A-BF57-59DE1DE84921}.Debug|Any CPU.Build.0 = Debug|Any CPU
		{B6DEDBD4-24E4-469A-BF57-59DE1DE84921}.Debug|x64.ActiveCfg = Debug|Any CPU
		{B6DEDBD4-24E4-469A-BF57-59DE1DE84921}.Debug|x64.Build.0 = Debug|Any CPU
		{B6DEDBD4-24E4-469A-BF57-59DE1DE84921}.Debug|x86.ActiveCfg = Debug|Any CPU
		{B6DEDBD4-24E4-469A-BF57-59DE1DE84921}.Debug|x86.Build.0 = Debug|Any CPU
		{B6DEDBD4-24E4-469A-BF57-59DE1DE84921}.Release|Any CPU.ActiveCfg = Release|Any CPU
		{B6DEDBD4-24E4-469A-BF57-59DE1DE84921}.Release|Any CPU.Build.0 = Release|Any CPU
		{B6DEDBD4-24E4-469A-BF57-59DE1DE84921}.Release|x64.ActiveCfg = Release|Any CPU
		{B6DEDBD4-24E4-469A-BF57-59DE1DE84921}.Release|x64.Build.0 = Release|Any CPU
		{B6DEDBD4-24E4-469A-BF57-59DE1DE84921}.Release|x86.ActiveCfg = Release|Any CPU
		{B6DEDBD4-24E4-469A-BF57-59DE1DE84921}.Release|x86.Build.0 = Release|Any CPU
		{4F82E5E1-908E-456F-9818-4E0C761F43C6}.Debug|Any CPU.ActiveCfg = Debug|Any CPU
		{4F82E5E1-908E-456F-9818-4E0C761F43C6}.Debug|Any CPU.Build.0 = Debug|Any CPU
		{4F82E5E1-908E-456F-9818-4E0C761F43C6}.Debug|x64.ActiveCfg = Debug|Any CPU
		{4F82E5E1-908E-456F-9818-4E0C761F43C6}.Debug|x64.Build.0 = Debug|Any CPU
		{4F82E5E1-908E-456F-9818-4E0C761F43C6}.Debug|x86.ActiveCfg = Debug|Any CPU
		{4F82E5E1-908E-456F-9818-4E0C761F43C6}.Debug|x86.Build.0 = Debug|Any CPU
		{4F82E5E1-908E-456F-9818-4E0C761F43C6}.Release|Any CPU.ActiveCfg = Release|Any CPU
		{4F82E5E1-908E-456F-9818-4E0C761F43C6}.Release|Any CPU.Build.0 = Release|Any CPU
		{4F82E5E1-908E-456F-9818-4E0C761F43C6}.Release|x64.ActiveCfg = Release|Any CPU
		{4F82E5E1-908E-456F-9818-4E0C761F43C6}.Release|x64.Build.0 = Release|Any CPU
		{4F82E5E1-908E-456F-9818-4E0C761F43C6}.Release|x86.ActiveCfg = Release|Any CPU
		{4F82E5E1-908E-456F-9818-4E0C761F43C6}.Release|x86.Build.0 = Release|Any CPU
		{483F8027-01BE-4FE8-9C3B-A8CE32B0CF8F}.Debug|Any CPU.ActiveCfg = Debug|Any CPU
		{483F8027-01BE-4FE8-9C3B-A8CE32B0CF8F}.Debug|Any CPU.Build.0 = Debug|Any CPU
		{483F8027-01BE-4FE8-9C3B-A8CE32B0CF8F}.Debug|x64.ActiveCfg = Debug|Any CPU
		{483F8027-01BE-4FE8-9C3B-A8CE32B0CF8F}.Debug|x64.Build.0 = Debug|Any CPU
		{483F8027-01BE-4FE8-9C3B-A8CE32B0CF8F}.Debug|x86.ActiveCfg = Debug|Any CPU
		{483F8027-01BE-4FE8-9C3B-A8CE32B0CF8F}.Debug|x86.Build.0 = Debug|Any CPU
		{483F8027-01BE-4FE8-9C3B-A8CE32B0CF8F}.Release|Any CPU.ActiveCfg = Release|Any CPU
		{483F8027-01BE-4FE8-9C3B-A8CE32B0CF8F}.Release|Any CPU.Build.0 = Release|Any CPU
		{483F8027-01BE-4FE8-9C3B-A8CE32B0CF8F}.Release|x64.ActiveCfg = Release|Any CPU
		{483F8027-01BE-4FE8-9C3B-A8CE32B0CF8F}.Release|x64.Build.0 = Release|Any CPU
		{483F8027-01BE-4FE8-9C3B-A8CE32B0CF8F}.Release|x86.ActiveCfg = Release|Any CPU
		{483F8027-01BE-4FE8-9C3B-A8CE32B0CF8F}.Release|x86.Build.0 = Release|Any CPU
	EndGlobalSection
EndGlobal
