
Microsoft Visual Studio Solution File, Format Version 12.00
# Visual Studio 15
VisualStudioVersion = 15.0.26124.0
MinimumVisualStudioVersion = 15.0.26124.0
Project("{FAE04EC0-301F-11D3-BF4B-00C04F79EFBC}") = "Day1", "Day1\Day1.csproj", "{6C1B749D-4651-4DD5-8366-3814DEE12901}"
EndProject
Project("{FAE04EC0-301F-11D3-BF4B-00C04F79EFBC}") = "Day1.Tests", "Day1.Tests\Day1.Tests.csproj", "{B6DEDBD4-24E4-469A-BF57-59DE1DE84921}"
EndProject
Project("{FAE04EC0-301F-11D3-BF4B-00C04F79EFBC}") = "Day2", "Day2\Day2.csproj", "{4F82E5E1-908E-456F-9818-4E0C761F43C6}"
EndProject
Project("{FAE04EC0-301F-11D3-BF4B-00C04F79EFBC}") = "Day2.Tests", "Day2.Tests\Day2.Tests.csproj", "{483F8027-01BE-4FE8-9C3B-A8CE32B0CF8F}"
EndProject
Project("{FAE04EC0-301F-11D3-BF4B-00C04F79EFBC}") = "Day3", "Day3\Day3.csproj", "{8398BE77-EFB9-4217-AF5B-FEC8CEB0E7B7}"
EndProject
Project("{FAE04EC0-301F-11D3-BF4B-00C04F79EFBC}") = "Day3.Tests", "Day3.Tests\Day3.Tests.csproj", "{71EBFC52-394B-4FFA-9A1A-58300AB0A19D}"
EndProject
Project("{FAE04EC0-301F-11D3-BF4B-00C04F79EFBC}") = "Day4", "Day4\Day4.csproj", "{4B636FA6-38AC-457A-953E-C163EA5283FF}"
EndProject
Project("{FAE04EC0-301F-11D3-BF4B-00C04F79EFBC}") = "Day4.Tests", "Day4.Tests\Day4.Tests.csproj", "{65A26DC5-A441-4FAD-A0EC-643D1285071E}"
EndProject
Project("{FAE04EC0-301F-11D3-BF4B-00C04F79EFBC}") = "Day5", "Day5\Day5.csproj", "{3D37246F-71CE-4969-BDDA-41FA0306362B}"
EndProject
Project("{FAE04EC0-301F-11D3-BF4B-00C04F79EFBC}") = "Day5.Tests", "Day5.Tests\Day5.Tests.csproj", "{2E933A22-6DCE-4A80-A1D8-AE059F7283FA}"
EndProject
Project("{FAE04EC0-301F-11D3-BF4B-00C04F79EFBC}") = "Day6", "Day6\Day6.csproj", "{6C3294FD-0CF8-4245-9535-E585E63A2B96}"
EndProject
Project("{FAE04EC0-301F-11D3-BF4B-00C04F79EFBC}") = "Day6.Tests", "Day6.Tests\Day6.Tests.csproj", "{2FA5A4EF-1476-48D1-9493-3EF35E6ECF47}"
EndProject
Project("{FAE04EC0-301F-11D3-BF4B-00C04F79EFBC}") = "Day7", "Day7\Day7.csproj", "{8F2EF002-E9E3-423A-A2B1-55414E7035E7}"
EndProject
Project("{FAE04EC0-301F-11D3-BF4B-00C04F79EFBC}") = "Day7.Tests", "Day7.Tests\Day7.Tests.csproj", "{B1F547C8-3241-4B82-B54D-19DF359A5979}"
EndProject
Project("{FAE04EC0-301F-11D3-BF4B-00C04F79EFBC}") = "Day8", "Day8\Day8.csproj", "{59D24720-0B54-4B4C-A9DE-919E977FFCC6}"
EndProject
Project("{FAE04EC0-301F-11D3-BF4B-00C04F79EFBC}") = "Day8.Tests", "Day8.Tests\Day8.Tests.csproj", "{C7C7848A-C344-4F14-BD08-F28C9C90F8EB}"
EndProject
Project("{FAE04EC0-301F-11D3-BF4B-00C04F79EFBC}") = "Day9", "Day9\Day9.csproj", "{B0BFF295-F17B-4556-8905-350410F68F21}"
EndProject
Project("{FAE04EC0-301F-11D3-BF4B-00C04F79EFBC}") = "Day9.Tests", "Day9.Tests\Day9.Tests.csproj", "{DF34E037-4C48-4E7B-A206-0A718AF6F468}"
EndProject
Project("{FAE04EC0-301F-11D3-BF4B-00C04F79EFBC}") = "Day10", "Day10\Day10.csproj", "{0DFDB170-3C6D-401E-97B8-FC6293926DBA}"
EndProject
Project("{FAE04EC0-301F-11D3-BF4B-00C04F79EFBC}") = "Day10.Tests", "Day10.Tests\Day10.Tests.csproj", "{D2F2B689-7F8E-4285-B7A9-5FD65D796100}"
EndProject
Project("{FAE04EC0-301F-11D3-BF4B-00C04F79EFBC}") = "Day11", "Day11\Day11.csproj", "{7C0299C2-D05A-4BB0-A913-5B4421756F7E}"
EndProject
Project("{FAE04EC0-301F-11D3-BF4B-00C04F79EFBC}") = "Day11.Tests", "Day11.Tests\Day11.Tests.csproj", "{D434B83A-811A-4501-9869-8B8B55AB1300}"
EndProject
Project("{FAE04EC0-301F-11D3-BF4B-00C04F79EFBC}") = "Day12", "Day12\Day12.csproj", "{95A2F0E1-CE4A-4292-BE67-1B265FCAC6AB}"
EndProject
Project("{FAE04EC0-301F-11D3-BF4B-00C04F79EFBC}") = "Day12.Tests", "Day12.Tests\Day12.Tests.csproj", "{3CFE03CA-2FA8-49B0-B371-A53685E81E18}"
EndProject
Project("{FAE04EC0-301F-11D3-BF4B-00C04F79EFBC}") = "Day13", "Day13\Day13.csproj", "{C336DE60-E72D-4944-967B-9F191802AEB9}"
EndProject
Project("{FAE04EC0-301F-11D3-BF4B-00C04F79EFBC}") = "Day13.Tests", "Day13.Tests\Day13.Tests.csproj", "{4797748D-A027-4F2C-8797-B73B965B0B5F}"
EndProject
Global
	GlobalSection(SolutionConfigurationPlatforms) = preSolution
		Debug|Any CPU = Debug|Any CPU
		Debug|x64 = Debug|x64
		Debug|x86 = Debug|x86
		Release|Any CPU = Release|Any CPU
		Release|x64 = Release|x64
		Release|x86 = Release|x86
	EndGlobalSection
	GlobalSection(SolutionProperties) = preSolution
		HideSolutionNode = FALSE
	EndGlobalSection
	GlobalSection(ProjectConfigurationPlatforms) = postSolution
		{6C1B749D-4651-4DD5-8366-3814DEE12901}.Debug|Any CPU.ActiveCfg = Debug|Any CPU
		{6C1B749D-4651-4DD5-8366-3814DEE12901}.Debug|Any CPU.Build.0 = Debug|Any CPU
		{6C1B749D-4651-4DD5-8366-3814DEE12901}.Debug|x64.ActiveCfg = Debug|Any CPU
		{6C1B749D-4651-4DD5-8366-3814DEE12901}.Debug|x64.Build.0 = Debug|Any CPU
		{6C1B749D-4651-4DD5-8366-3814DEE12901}.Debug|x86.ActiveCfg = Debug|Any CPU
		{6C1B749D-4651-4DD5-8366-3814DEE12901}.Debug|x86.Build.0 = Debug|Any CPU
		{6C1B749D-4651-4DD5-8366-3814DEE12901}.Release|Any CPU.ActiveCfg = Release|Any CPU
		{6C1B749D-4651-4DD5-8366-3814DEE12901}.Release|Any CPU.Build.0 = Release|Any CPU
		{6C1B749D-4651-4DD5-8366-3814DEE12901}.Release|x64.ActiveCfg = Release|Any CPU
		{6C1B749D-4651-4DD5-8366-3814DEE12901}.Release|x64.Build.0 = Release|Any CPU
		{6C1B749D-4651-4DD5-8366-3814DEE12901}.Release|x86.ActiveCfg = Release|Any CPU
		{6C1B749D-4651-4DD5-8366-3814DEE12901}.Release|x86.Build.0 = Release|Any CPU
		{B6DEDBD4-24E4-469A-BF57-59DE1DE84921}.Debug|Any CPU.ActiveCfg = Debug|Any CPU
		{B6DEDBD4-24E4-469A-BF57-59DE1DE84921}.Debug|Any CPU.Build.0 = Debug|Any CPU
		{B6DEDBD4-24E4-469A-BF57-59DE1DE84921}.Debug|x64.ActiveCfg = Debug|Any CPU
		{B6DEDBD4-24E4-469A-BF57-59DE1DE84921}.Debug|x64.Build.0 = Debug|Any CPU
		{B6DEDBD4-24E4-469A-BF57-59DE1DE84921}.Debug|x86.ActiveCfg = Debug|Any CPU
		{B6DEDBD4-24E4-469A-BF57-59DE1DE84921}.Debug|x86.Build.0 = Debug|Any CPU
		{B6DEDBD4-24E4-469A-BF57-59DE1DE84921}.Release|Any CPU.ActiveCfg = Release|Any CPU
		{B6DEDBD4-24E4-469A-BF57-59DE1DE84921}.Release|Any CPU.Build.0 = Release|Any CPU
		{B6DEDBD4-24E4-469A-BF57-59DE1DE84921}.Release|x64.ActiveCfg = Release|Any CPU
		{B6DEDBD4-24E4-469A-BF57-59DE1DE84921}.Release|x64.Build.0 = Release|Any CPU
		{B6DEDBD4-24E4-469A-BF57-59DE1DE84921}.Release|x86.ActiveCfg = Release|Any CPU
		{B6DEDBD4-24E4-469A-BF57-59DE1DE84921}.Release|x86.Build.0 = Release|Any CPU
		{4F82E5E1-908E-456F-9818-4E0C761F43C6}.Debug|Any CPU.ActiveCfg = Debug|Any CPU
		{4F82E5E1-908E-456F-9818-4E0C761F43C6}.Debug|Any CPU.Build.0 = Debug|Any CPU
		{4F82E5E1-908E-456F-9818-4E0C761F43C6}.Debug|x64.ActiveCfg = Debug|Any CPU
		{4F82E5E1-908E-456F-9818-4E0C761F43C6}.Debug|x64.Build.0 = Debug|Any CPU
		{4F82E5E1-908E-456F-9818-4E0C761F43C6}.Debug|x86.ActiveCfg = Debug|Any CPU
		{4F82E5E1-908E-456F-9818-4E0C761F43C6}.Debug|x86.Build.0 = Debug|Any CPU
		{4F82E5E1-908E-456F-9818-4E0C761F43C6}.Release|Any CPU.ActiveCfg = Release|Any CPU
		{4F82E5E1-908E-456F-9818-4E0C761F43C6}.Release|Any CPU.Build.0 = Release|Any CPU
		{4F82E5E1-908E-456F-9818-4E0C761F43C6}.Release|x64.ActiveCfg = Release|Any CPU
		{4F82E5E1-908E-456F-9818-4E0C761F43C6}.Release|x64.Build.0 = Release|Any CPU
		{4F82E5E1-908E-456F-9818-4E0C761F43C6}.Release|x86.ActiveCfg = Release|Any CPU
		{4F82E5E1-908E-456F-9818-4E0C761F43C6}.Release|x86.Build.0 = Release|Any CPU
		{483F8027-01BE-4FE8-9C3B-A8CE32B0CF8F}.Debug|Any CPU.ActiveCfg = Debug|Any CPU
		{483F8027-01BE-4FE8-9C3B-A8CE32B0CF8F}.Debug|Any CPU.Build.0 = Debug|Any CPU
		{483F8027-01BE-4FE8-9C3B-A8CE32B0CF8F}.Debug|x64.ActiveCfg = Debug|Any CPU
		{483F8027-01BE-4FE8-9C3B-A8CE32B0CF8F}.Debug|x64.Build.0 = Debug|Any CPU
		{483F8027-01BE-4FE8-9C3B-A8CE32B0CF8F}.Debug|x86.ActiveCfg = Debug|Any CPU
		{483F8027-01BE-4FE8-9C3B-A8CE32B0CF8F}.Debug|x86.Build.0 = Debug|Any CPU
		{483F8027-01BE-4FE8-9C3B-A8CE32B0CF8F}.Release|Any CPU.ActiveCfg = Release|Any CPU
		{483F8027-01BE-4FE8-9C3B-A8CE32B0CF8F}.Release|Any CPU.Build.0 = Release|Any CPU
		{483F8027-01BE-4FE8-9C3B-A8CE32B0CF8F}.Release|x64.ActiveCfg = Release|Any CPU
		{483F8027-01BE-4FE8-9C3B-A8CE32B0CF8F}.Release|x64.Build.0 = Release|Any CPU
		{483F8027-01BE-4FE8-9C3B-A8CE32B0CF8F}.Release|x86.ActiveCfg = Release|Any CPU
		{483F8027-01BE-4FE8-9C3B-A8CE32B0CF8F}.Release|x86.Build.0 = Release|Any CPU
		{8398BE77-EFB9-4217-AF5B-FEC8CEB0E7B7}.Debug|Any CPU.ActiveCfg = Debug|Any CPU
		{8398BE77-EFB9-4217-AF5B-FEC8CEB0E7B7}.Debug|Any CPU.Build.0 = Debug|Any CPU
		{8398BE77-EFB9-4217-AF5B-FEC8CEB0E7B7}.Debug|x64.ActiveCfg = Debug|Any CPU
		{8398BE77-EFB9-4217-AF5B-FEC8CEB0E7B7}.Debug|x64.Build.0 = Debug|Any CPU
		{8398BE77-EFB9-4217-AF5B-FEC8CEB0E7B7}.Debug|x86.ActiveCfg = Debug|Any CPU
		{8398BE77-EFB9-4217-AF5B-FEC8CEB0E7B7}.Debug|x86.Build.0 = Debug|Any CPU
		{8398BE77-EFB9-4217-AF5B-FEC8CEB0E7B7}.Release|Any CPU.ActiveCfg = Release|Any CPU
		{8398BE77-EFB9-4217-AF5B-FEC8CEB0E7B7}.Release|Any CPU.Build.0 = Release|Any CPU
		{8398BE77-EFB9-4217-AF5B-FEC8CEB0E7B7}.Release|x64.ActiveCfg = Release|Any CPU
		{8398BE77-EFB9-4217-AF5B-FEC8CEB0E7B7}.Release|x64.Build.0 = Release|Any CPU
		{8398BE77-EFB9-4217-AF5B-FEC8CEB0E7B7}.Release|x86.ActiveCfg = Release|Any CPU
		{8398BE77-EFB9-4217-AF5B-FEC8CEB0E7B7}.Release|x86.Build.0 = Release|Any CPU
		{71EBFC52-394B-4FFA-9A1A-58300AB0A19D}.Debug|Any CPU.ActiveCfg = Debug|Any CPU
		{71EBFC52-394B-4FFA-9A1A-58300AB0A19D}.Debug|Any CPU.Build.0 = Debug|Any CPU
		{71EBFC52-394B-4FFA-9A1A-58300AB0A19D}.Debug|x64.ActiveCfg = Debug|Any CPU
		{71EBFC52-394B-4FFA-9A1A-58300AB0A19D}.Debug|x64.Build.0 = Debug|Any CPU
		{71EBFC52-394B-4FFA-9A1A-58300AB0A19D}.Debug|x86.ActiveCfg = Debug|Any CPU
		{71EBFC52-394B-4FFA-9A1A-58300AB0A19D}.Debug|x86.Build.0 = Debug|Any CPU
		{71EBFC52-394B-4FFA-9A1A-58300AB0A19D}.Release|Any CPU.ActiveCfg = Release|Any CPU
		{71EBFC52-394B-4FFA-9A1A-58300AB0A19D}.Release|Any CPU.Build.0 = Release|Any CPU
		{71EBFC52-394B-4FFA-9A1A-58300AB0A19D}.Release|x64.ActiveCfg = Release|Any CPU
		{71EBFC52-394B-4FFA-9A1A-58300AB0A19D}.Release|x64.Build.0 = Release|Any CPU
		{71EBFC52-394B-4FFA-9A1A-58300AB0A19D}.Release|x86.ActiveCfg = Release|Any CPU
		{71EBFC52-394B-4FFA-9A1A-58300AB0A19D}.Release|x86.Build.0 = Release|Any CPU
		{4B636FA6-38AC-457A-953E-C163EA5283FF}.Debug|Any CPU.ActiveCfg = Debug|Any CPU
		{4B636FA6-38AC-457A-953E-C163EA5283FF}.Debug|Any CPU.Build.0 = Debug|Any CPU
		{4B636FA6-38AC-457A-953E-C163EA5283FF}.Debug|x64.ActiveCfg = Debug|Any CPU
		{4B636FA6-38AC-457A-953E-C163EA5283FF}.Debug|x64.Build.0 = Debug|Any CPU
		{4B636FA6-38AC-457A-953E-C163EA5283FF}.Debug|x86.ActiveCfg = Debug|Any CPU
		{4B636FA6-38AC-457A-953E-C163EA5283FF}.Debug|x86.Build.0 = Debug|Any CPU
		{4B636FA6-38AC-457A-953E-C163EA5283FF}.Release|Any CPU.ActiveCfg = Release|Any CPU
		{4B636FA6-38AC-457A-953E-C163EA5283FF}.Release|Any CPU.Build.0 = Release|Any CPU
		{4B636FA6-38AC-457A-953E-C163EA5283FF}.Release|x64.ActiveCfg = Release|Any CPU
		{4B636FA6-38AC-457A-953E-C163EA5283FF}.Release|x64.Build.0 = Release|Any CPU
		{4B636FA6-38AC-457A-953E-C163EA5283FF}.Release|x86.ActiveCfg = Release|Any CPU
		{4B636FA6-38AC-457A-953E-C163EA5283FF}.Release|x86.Build.0 = Release|Any CPU
		{65A26DC5-A441-4FAD-A0EC-643D1285071E}.Debug|Any CPU.ActiveCfg = Debug|Any CPU
		{65A26DC5-A441-4FAD-A0EC-643D1285071E}.Debug|Any CPU.Build.0 = Debug|Any CPU
		{65A26DC5-A441-4FAD-A0EC-643D1285071E}.Debug|x64.ActiveCfg = Debug|Any CPU
		{65A26DC5-A441-4FAD-A0EC-643D1285071E}.Debug|x64.Build.0 = Debug|Any CPU
		{65A26DC5-A441-4FAD-A0EC-643D1285071E}.Debug|x86.ActiveCfg = Debug|Any CPU
		{65A26DC5-A441-4FAD-A0EC-643D1285071E}.Debug|x86.Build.0 = Debug|Any CPU
		{65A26DC5-A441-4FAD-A0EC-643D1285071E}.Release|Any CPU.ActiveCfg = Release|Any CPU
		{65A26DC5-A441-4FAD-A0EC-643D1285071E}.Release|Any CPU.Build.0 = Release|Any CPU
		{65A26DC5-A441-4FAD-A0EC-643D1285071E}.Release|x64.ActiveCfg = Release|Any CPU
		{65A26DC5-A441-4FAD-A0EC-643D1285071E}.Release|x64.Build.0 = Release|Any CPU
		{65A26DC5-A441-4FAD-A0EC-643D1285071E}.Release|x86.ActiveCfg = Release|Any CPU
		{65A26DC5-A441-4FAD-A0EC-643D1285071E}.Release|x86.Build.0 = Release|Any CPU
		{3D37246F-71CE-4969-BDDA-41FA0306362B}.Debug|Any CPU.ActiveCfg = Debug|Any CPU
		{3D37246F-71CE-4969-BDDA-41FA0306362B}.Debug|Any CPU.Build.0 = Debug|Any CPU
		{3D37246F-71CE-4969-BDDA-41FA0306362B}.Debug|x64.ActiveCfg = Debug|Any CPU
		{3D37246F-71CE-4969-BDDA-41FA0306362B}.Debug|x64.Build.0 = Debug|Any CPU
		{3D37246F-71CE-4969-BDDA-41FA0306362B}.Debug|x86.ActiveCfg = Debug|Any CPU
		{3D37246F-71CE-4969-BDDA-41FA0306362B}.Debug|x86.Build.0 = Debug|Any CPU
		{3D37246F-71CE-4969-BDDA-41FA0306362B}.Release|Any CPU.ActiveCfg = Release|Any CPU
		{3D37246F-71CE-4969-BDDA-41FA0306362B}.Release|Any CPU.Build.0 = Release|Any CPU
		{3D37246F-71CE-4969-BDDA-41FA0306362B}.Release|x64.ActiveCfg = Release|Any CPU
		{3D37246F-71CE-4969-BDDA-41FA0306362B}.Release|x64.Build.0 = Release|Any CPU
		{3D37246F-71CE-4969-BDDA-41FA0306362B}.Release|x86.ActiveCfg = Release|Any CPU
		{3D37246F-71CE-4969-BDDA-41FA0306362B}.Release|x86.Build.0 = Release|Any CPU
		{2E933A22-6DCE-4A80-A1D8-AE059F7283FA}.Debug|Any CPU.ActiveCfg = Debug|Any CPU
		{2E933A22-6DCE-4A80-A1D8-AE059F7283FA}.Debug|Any CPU.Build.0 = Debug|Any CPU
		{2E933A22-6DCE-4A80-A1D8-AE059F7283FA}.Debug|x64.ActiveCfg = Debug|Any CPU
		{2E933A22-6DCE-4A80-A1D8-AE059F7283FA}.Debug|x64.Build.0 = Debug|Any CPU
		{2E933A22-6DCE-4A80-A1D8-AE059F7283FA}.Debug|x86.ActiveCfg = Debug|Any CPU
		{2E933A22-6DCE-4A80-A1D8-AE059F7283FA}.Debug|x86.Build.0 = Debug|Any CPU
		{2E933A22-6DCE-4A80-A1D8-AE059F7283FA}.Release|Any CPU.ActiveCfg = Release|Any CPU
		{2E933A22-6DCE-4A80-A1D8-AE059F7283FA}.Release|Any CPU.Build.0 = Release|Any CPU
		{2E933A22-6DCE-4A80-A1D8-AE059F7283FA}.Release|x64.ActiveCfg = Release|Any CPU
		{2E933A22-6DCE-4A80-A1D8-AE059F7283FA}.Release|x64.Build.0 = Release|Any CPU
		{2E933A22-6DCE-4A80-A1D8-AE059F7283FA}.Release|x86.ActiveCfg = Release|Any CPU
		{2E933A22-6DCE-4A80-A1D8-AE059F7283FA}.Release|x86.Build.0 = Release|Any CPU
		{6C3294FD-0CF8-4245-9535-E585E63A2B96}.Debug|Any CPU.ActiveCfg = Debug|Any CPU
		{6C3294FD-0CF8-4245-9535-E585E63A2B96}.Debug|Any CPU.Build.0 = Debug|Any CPU
		{6C3294FD-0CF8-4245-9535-E585E63A2B96}.Debug|x64.ActiveCfg = Debug|Any CPU
		{6C3294FD-0CF8-4245-9535-E585E63A2B96}.Debug|x64.Build.0 = Debug|Any CPU
		{6C3294FD-0CF8-4245-9535-E585E63A2B96}.Debug|x86.ActiveCfg = Debug|Any CPU
		{6C3294FD-0CF8-4245-9535-E585E63A2B96}.Debug|x86.Build.0 = Debug|Any CPU
		{6C3294FD-0CF8-4245-9535-E585E63A2B96}.Release|Any CPU.ActiveCfg = Release|Any CPU
		{6C3294FD-0CF8-4245-9535-E585E63A2B96}.Release|Any CPU.Build.0 = Release|Any CPU
		{6C3294FD-0CF8-4245-9535-E585E63A2B96}.Release|x64.ActiveCfg = Release|Any CPU
		{6C3294FD-0CF8-4245-9535-E585E63A2B96}.Release|x64.Build.0 = Release|Any CPU
		{6C3294FD-0CF8-4245-9535-E585E63A2B96}.Release|x86.ActiveCfg = Release|Any CPU
		{6C3294FD-0CF8-4245-9535-E585E63A2B96}.Release|x86.Build.0 = Release|Any CPU
		{2FA5A4EF-1476-48D1-9493-3EF35E6ECF47}.Debug|Any CPU.ActiveCfg = Debug|Any CPU
		{2FA5A4EF-1476-48D1-9493-3EF35E6ECF47}.Debug|Any CPU.Build.0 = Debug|Any CPU
		{2FA5A4EF-1476-48D1-9493-3EF35E6ECF47}.Debug|x64.ActiveCfg = Debug|Any CPU
		{2FA5A4EF-1476-48D1-9493-3EF35E6ECF47}.Debug|x64.Build.0 = Debug|Any CPU
		{2FA5A4EF-1476-48D1-9493-3EF35E6ECF47}.Debug|x86.ActiveCfg = Debug|Any CPU
		{2FA5A4EF-1476-48D1-9493-3EF35E6ECF47}.Debug|x86.Build.0 = Debug|Any CPU
		{2FA5A4EF-1476-48D1-9493-3EF35E6ECF47}.Release|Any CPU.ActiveCfg = Release|Any CPU
		{2FA5A4EF-1476-48D1-9493-3EF35E6ECF47}.Release|Any CPU.Build.0 = Release|Any CPU
		{2FA5A4EF-1476-48D1-9493-3EF35E6ECF47}.Release|x64.ActiveCfg = Release|Any CPU
		{2FA5A4EF-1476-48D1-9493-3EF35E6ECF47}.Release|x64.Build.0 = Release|Any CPU
		{2FA5A4EF-1476-48D1-9493-3EF35E6ECF47}.Release|x86.ActiveCfg = Release|Any CPU
		{2FA5A4EF-1476-48D1-9493-3EF35E6ECF47}.Release|x86.Build.0 = Release|Any CPU
		{8F2EF002-E9E3-423A-A2B1-55414E7035E7}.Debug|Any CPU.ActiveCfg = Debug|Any CPU
		{8F2EF002-E9E3-423A-A2B1-55414E7035E7}.Debug|Any CPU.Build.0 = Debug|Any CPU
		{8F2EF002-E9E3-423A-A2B1-55414E7035E7}.Debug|x64.ActiveCfg = Debug|Any CPU
		{8F2EF002-E9E3-423A-A2B1-55414E7035E7}.Debug|x64.Build.0 = Debug|Any CPU
		{8F2EF002-E9E3-423A-A2B1-55414E7035E7}.Debug|x86.ActiveCfg = Debug|Any CPU
		{8F2EF002-E9E3-423A-A2B1-55414E7035E7}.Debug|x86.Build.0 = Debug|Any CPU
		{8F2EF002-E9E3-423A-A2B1-55414E7035E7}.Release|Any CPU.ActiveCfg = Release|Any CPU
		{8F2EF002-E9E3-423A-A2B1-55414E7035E7}.Release|Any CPU.Build.0 = Release|Any CPU
		{8F2EF002-E9E3-423A-A2B1-55414E7035E7}.Release|x64.ActiveCfg = Release|Any CPU
		{8F2EF002-E9E3-423A-A2B1-55414E7035E7}.Release|x64.Build.0 = Release|Any CPU
		{8F2EF002-E9E3-423A-A2B1-55414E7035E7}.Release|x86.ActiveCfg = Release|Any CPU
		{8F2EF002-E9E3-423A-A2B1-55414E7035E7}.Release|x86.Build.0 = Release|Any CPU
		{B1F547C8-3241-4B82-B54D-19DF359A5979}.Debug|Any CPU.ActiveCfg = Debug|Any CPU
		{B1F547C8-3241-4B82-B54D-19DF359A5979}.Debug|Any CPU.Build.0 = Debug|Any CPU
		{B1F547C8-3241-4B82-B54D-19DF359A5979}.Debug|x64.ActiveCfg = Debug|Any CPU
		{B1F547C8-3241-4B82-B54D-19DF359A5979}.Debug|x64.Build.0 = Debug|Any CPU
		{B1F547C8-3241-4B82-B54D-19DF359A5979}.Debug|x86.ActiveCfg = Debug|Any CPU
		{B1F547C8-3241-4B82-B54D-19DF359A5979}.Debug|x86.Build.0 = Debug|Any CPU
		{B1F547C8-3241-4B82-B54D-19DF359A5979}.Release|Any CPU.ActiveCfg = Release|Any CPU
		{B1F547C8-3241-4B82-B54D-19DF359A5979}.Release|Any CPU.Build.0 = Release|Any CPU
		{B1F547C8-3241-4B82-B54D-19DF359A5979}.Release|x64.ActiveCfg = Release|Any CPU
		{B1F547C8-3241-4B82-B54D-19DF359A5979}.Release|x64.Build.0 = Release|Any CPU
		{B1F547C8-3241-4B82-B54D-19DF359A5979}.Release|x86.ActiveCfg = Release|Any CPU
		{B1F547C8-3241-4B82-B54D-19DF359A5979}.Release|x86.Build.0 = Release|Any CPU
		{59D24720-0B54-4B4C-A9DE-919E977FFCC6}.Debug|Any CPU.ActiveCfg = Debug|Any CPU
		{59D24720-0B54-4B4C-A9DE-919E977FFCC6}.Debug|Any CPU.Build.0 = Debug|Any CPU
		{59D24720-0B54-4B4C-A9DE-919E977FFCC6}.Debug|x64.ActiveCfg = Debug|Any CPU
		{59D24720-0B54-4B4C-A9DE-919E977FFCC6}.Debug|x64.Build.0 = Debug|Any CPU
		{59D24720-0B54-4B4C-A9DE-919E977FFCC6}.Debug|x86.ActiveCfg = Debug|Any CPU
		{59D24720-0B54-4B4C-A9DE-919E977FFCC6}.Debug|x86.Build.0 = Debug|Any CPU
		{59D24720-0B54-4B4C-A9DE-919E977FFCC6}.Release|Any CPU.ActiveCfg = Release|Any CPU
		{59D24720-0B54-4B4C-A9DE-919E977FFCC6}.Release|Any CPU.Build.0 = Release|Any CPU
		{59D24720-0B54-4B4C-A9DE-919E977FFCC6}.Release|x64.ActiveCfg = Release|Any CPU
		{59D24720-0B54-4B4C-A9DE-919E977FFCC6}.Release|x64.Build.0 = Release|Any CPU
		{59D24720-0B54-4B4C-A9DE-919E977FFCC6}.Release|x86.ActiveCfg = Release|Any CPU
		{59D24720-0B54-4B4C-A9DE-919E977FFCC6}.Release|x86.Build.0 = Release|Any CPU
		{C7C7848A-C344-4F14-BD08-F28C9C90F8EB}.Debug|Any CPU.ActiveCfg = Debug|Any CPU
		{C7C7848A-C344-4F14-BD08-F28C9C90F8EB}.Debug|Any CPU.Build.0 = Debug|Any CPU
		{C7C7848A-C344-4F14-BD08-F28C9C90F8EB}.Debug|x64.ActiveCfg = Debug|Any CPU
		{C7C7848A-C344-4F14-BD08-F28C9C90F8EB}.Debug|x64.Build.0 = Debug|Any CPU
		{C7C7848A-C344-4F14-BD08-F28C9C90F8EB}.Debug|x86.ActiveCfg = Debug|Any CPU
		{C7C7848A-C344-4F14-BD08-F28C9C90F8EB}.Debug|x86.Build.0 = Debug|Any CPU
		{C7C7848A-C344-4F14-BD08-F28C9C90F8EB}.Release|Any CPU.ActiveCfg = Release|Any CPU
		{C7C7848A-C344-4F14-BD08-F28C9C90F8EB}.Release|Any CPU.Build.0 = Release|Any CPU
		{C7C7848A-C344-4F14-BD08-F28C9C90F8EB}.Release|x64.ActiveCfg = Release|Any CPU
		{C7C7848A-C344-4F14-BD08-F28C9C90F8EB}.Release|x64.Build.0 = Release|Any CPU
		{C7C7848A-C344-4F14-BD08-F28C9C90F8EB}.Release|x86.ActiveCfg = Release|Any CPU
		{C7C7848A-C344-4F14-BD08-F28C9C90F8EB}.Release|x86.Build.0 = Release|Any CPU
		{B0BFF295-F17B-4556-8905-350410F68F21}.Debug|Any CPU.ActiveCfg = Debug|Any CPU
		{B0BFF295-F17B-4556-8905-350410F68F21}.Debug|Any CPU.Build.0 = Debug|Any CPU
		{B0BFF295-F17B-4556-8905-350410F68F21}.Debug|x64.ActiveCfg = Debug|Any CPU
		{B0BFF295-F17B-4556-8905-350410F68F21}.Debug|x64.Build.0 = Debug|Any CPU
		{B0BFF295-F17B-4556-8905-350410F68F21}.Debug|x86.ActiveCfg = Debug|Any CPU
		{B0BFF295-F17B-4556-8905-350410F68F21}.Debug|x86.Build.0 = Debug|Any CPU
		{B0BFF295-F17B-4556-8905-350410F68F21}.Release|Any CPU.ActiveCfg = Release|Any CPU
		{B0BFF295-F17B-4556-8905-350410F68F21}.Release|Any CPU.Build.0 = Release|Any CPU
		{B0BFF295-F17B-4556-8905-350410F68F21}.Release|x64.ActiveCfg = Release|Any CPU
		{B0BFF295-F17B-4556-8905-350410F68F21}.Release|x64.Build.0 = Release|Any CPU
		{B0BFF295-F17B-4556-8905-350410F68F21}.Release|x86.ActiveCfg = Release|Any CPU
		{B0BFF295-F17B-4556-8905-350410F68F21}.Release|x86.Build.0 = Release|Any CPU
		{DF34E037-4C48-4E7B-A206-0A718AF6F468}.Debug|Any CPU.ActiveCfg = Debug|Any CPU
		{DF34E037-4C48-4E7B-A206-0A718AF6F468}.Debug|Any CPU.Build.0 = Debug|Any CPU
		{DF34E037-4C48-4E7B-A206-0A718AF6F468}.Debug|x64.ActiveCfg = Debug|Any CPU
		{DF34E037-4C48-4E7B-A206-0A718AF6F468}.Debug|x64.Build.0 = Debug|Any CPU
		{DF34E037-4C48-4E7B-A206-0A718AF6F468}.Debug|x86.ActiveCfg = Debug|Any CPU
		{DF34E037-4C48-4E7B-A206-0A718AF6F468}.Debug|x86.Build.0 = Debug|Any CPU
		{DF34E037-4C48-4E7B-A206-0A718AF6F468}.Release|Any CPU.ActiveCfg = Release|Any CPU
		{DF34E037-4C48-4E7B-A206-0A718AF6F468}.Release|Any CPU.Build.0 = Release|Any CPU
		{DF34E037-4C48-4E7B-A206-0A718AF6F468}.Release|x64.ActiveCfg = Release|Any CPU
		{DF34E037-4C48-4E7B-A206-0A718AF6F468}.Release|x64.Build.0 = Release|Any CPU
		{DF34E037-4C48-4E7B-A206-0A718AF6F468}.Release|x86.ActiveCfg = Release|Any CPU
		{DF34E037-4C48-4E7B-A206-0A718AF6F468}.Release|x86.Build.0 = Release|Any CPU
		{0DFDB170-3C6D-401E-97B8-FC6293926DBA}.Debug|Any CPU.ActiveCfg = Debug|Any CPU
		{0DFDB170-3C6D-401E-97B8-FC6293926DBA}.Debug|Any CPU.Build.0 = Debug|Any CPU
		{0DFDB170-3C6D-401E-97B8-FC6293926DBA}.Debug|x64.ActiveCfg = Debug|Any CPU
		{0DFDB170-3C6D-401E-97B8-FC6293926DBA}.Debug|x64.Build.0 = Debug|Any CPU
		{0DFDB170-3C6D-401E-97B8-FC6293926DBA}.Debug|x86.ActiveCfg = Debug|Any CPU
		{0DFDB170-3C6D-401E-97B8-FC6293926DBA}.Debug|x86.Build.0 = Debug|Any CPU
		{0DFDB170-3C6D-401E-97B8-FC6293926DBA}.Release|Any CPU.ActiveCfg = Release|Any CPU
		{0DFDB170-3C6D-401E-97B8-FC6293926DBA}.Release|Any CPU.Build.0 = Release|Any CPU
		{0DFDB170-3C6D-401E-97B8-FC6293926DBA}.Release|x64.ActiveCfg = Release|Any CPU
		{0DFDB170-3C6D-401E-97B8-FC6293926DBA}.Release|x64.Build.0 = Release|Any CPU
		{0DFDB170-3C6D-401E-97B8-FC6293926DBA}.Release|x86.ActiveCfg = Release|Any CPU
		{0DFDB170-3C6D-401E-97B8-FC6293926DBA}.Release|x86.Build.0 = Release|Any CPU
		{D2F2B689-7F8E-4285-B7A9-5FD65D796100}.Debug|Any CPU.ActiveCfg = Debug|Any CPU
		{D2F2B689-7F8E-4285-B7A9-5FD65D796100}.Debug|Any CPU.Build.0 = Debug|Any CPU
		{D2F2B689-7F8E-4285-B7A9-5FD65D796100}.Debug|x64.ActiveCfg = Debug|Any CPU
		{D2F2B689-7F8E-4285-B7A9-5FD65D796100}.Debug|x64.Build.0 = Debug|Any CPU
		{D2F2B689-7F8E-4285-B7A9-5FD65D796100}.Debug|x86.ActiveCfg = Debug|Any CPU
		{D2F2B689-7F8E-4285-B7A9-5FD65D796100}.Debug|x86.Build.0 = Debug|Any CPU
		{D2F2B689-7F8E-4285-B7A9-5FD65D796100}.Release|Any CPU.ActiveCfg = Release|Any CPU
		{D2F2B689-7F8E-4285-B7A9-5FD65D796100}.Release|Any CPU.Build.0 = Release|Any CPU
		{D2F2B689-7F8E-4285-B7A9-5FD65D796100}.Release|x64.ActiveCfg = Release|Any CPU
		{D2F2B689-7F8E-4285-B7A9-5FD65D796100}.Release|x64.Build.0 = Release|Any CPU
		{D2F2B689-7F8E-4285-B7A9-5FD65D796100}.Release|x86.ActiveCfg = Release|Any CPU
		{D2F2B689-7F8E-4285-B7A9-5FD65D796100}.Release|x86.Build.0 = Release|Any CPU
		{7C0299C2-D05A-4BB0-A913-5B4421756F7E}.Debug|Any CPU.ActiveCfg = Debug|Any CPU
		{7C0299C2-D05A-4BB0-A913-5B4421756F7E}.Debug|Any CPU.Build.0 = Debug|Any CPU
		{7C0299C2-D05A-4BB0-A913-5B4421756F7E}.Debug|x64.ActiveCfg = Debug|Any CPU
		{7C0299C2-D05A-4BB0-A913-5B4421756F7E}.Debug|x64.Build.0 = Debug|Any CPU
		{7C0299C2-D05A-4BB0-A913-5B4421756F7E}.Debug|x86.ActiveCfg = Debug|Any CPU
		{7C0299C2-D05A-4BB0-A913-5B4421756F7E}.Debug|x86.Build.0 = Debug|Any CPU
		{7C0299C2-D05A-4BB0-A913-5B4421756F7E}.Release|Any CPU.ActiveCfg = Release|Any CPU
		{7C0299C2-D05A-4BB0-A913-5B4421756F7E}.Release|Any CPU.Build.0 = Release|Any CPU
		{7C0299C2-D05A-4BB0-A913-5B4421756F7E}.Release|x64.ActiveCfg = Release|Any CPU
		{7C0299C2-D05A-4BB0-A913-5B4421756F7E}.Release|x64.Build.0 = Release|Any CPU
		{7C0299C2-D05A-4BB0-A913-5B4421756F7E}.Release|x86.ActiveCfg = Release|Any CPU
		{7C0299C2-D05A-4BB0-A913-5B4421756F7E}.Release|x86.Build.0 = Release|Any CPU
		{D434B83A-811A-4501-9869-8B8B55AB1300}.Debug|Any CPU.ActiveCfg = Debug|Any CPU
		{D434B83A-811A-4501-9869-8B8B55AB1300}.Debug|Any CPU.Build.0 = Debug|Any CPU
		{D434B83A-811A-4501-9869-8B8B55AB1300}.Debug|x64.ActiveCfg = Debug|Any CPU
		{D434B83A-811A-4501-9869-8B8B55AB1300}.Debug|x64.Build.0 = Debug|Any CPU
		{D434B83A-811A-4501-9869-8B8B55AB1300}.Debug|x86.ActiveCfg = Debug|Any CPU
		{D434B83A-811A-4501-9869-8B8B55AB1300}.Debug|x86.Build.0 = Debug|Any CPU
		{D434B83A-811A-4501-9869-8B8B55AB1300}.Release|Any CPU.ActiveCfg = Release|Any CPU
		{D434B83A-811A-4501-9869-8B8B55AB1300}.Release|Any CPU.Build.0 = Release|Any CPU
		{D434B83A-811A-4501-9869-8B8B55AB1300}.Release|x64.ActiveCfg = Release|Any CPU
		{D434B83A-811A-4501-9869-8B8B55AB1300}.Release|x64.Build.0 = Release|Any CPU
		{D434B83A-811A-4501-9869-8B8B55AB1300}.Release|x86.ActiveCfg = Release|Any CPU
		{D434B83A-811A-4501-9869-8B8B55AB1300}.Release|x86.Build.0 = Release|Any CPU
		{95A2F0E1-CE4A-4292-BE67-1B265FCAC6AB}.Debug|Any CPU.ActiveCfg = Debug|Any CPU
		{95A2F0E1-CE4A-4292-BE67-1B265FCAC6AB}.Debug|Any CPU.Build.0 = Debug|Any CPU
		{95A2F0E1-CE4A-4292-BE67-1B265FCAC6AB}.Debug|x64.ActiveCfg = Debug|Any CPU
		{95A2F0E1-CE4A-4292-BE67-1B265FCAC6AB}.Debug|x64.Build.0 = Debug|Any CPU
		{95A2F0E1-CE4A-4292-BE67-1B265FCAC6AB}.Debug|x86.ActiveCfg = Debug|Any CPU
		{95A2F0E1-CE4A-4292-BE67-1B265FCAC6AB}.Debug|x86.Build.0 = Debug|Any CPU
		{95A2F0E1-CE4A-4292-BE67-1B265FCAC6AB}.Release|Any CPU.ActiveCfg = Release|Any CPU
		{95A2F0E1-CE4A-4292-BE67-1B265FCAC6AB}.Release|Any CPU.Build.0 = Release|Any CPU
		{95A2F0E1-CE4A-4292-BE67-1B265FCAC6AB}.Release|x64.ActiveCfg = Release|Any CPU
		{95A2F0E1-CE4A-4292-BE67-1B265FCAC6AB}.Release|x64.Build.0 = Release|Any CPU
		{95A2F0E1-CE4A-4292-BE67-1B265FCAC6AB}.Release|x86.ActiveCfg = Release|Any CPU
		{95A2F0E1-CE4A-4292-BE67-1B265FCAC6AB}.Release|x86.Build.0 = Release|Any CPU
		{3CFE03CA-2FA8-49B0-B371-A53685E81E18}.Debug|Any CPU.ActiveCfg = Debug|Any CPU
		{3CFE03CA-2FA8-49B0-B371-A53685E81E18}.Debug|Any CPU.Build.0 = Debug|Any CPU
		{3CFE03CA-2FA8-49B0-B371-A53685E81E18}.Debug|x64.ActiveCfg = Debug|Any CPU
		{3CFE03CA-2FA8-49B0-B371-A53685E81E18}.Debug|x64.Build.0 = Debug|Any CPU
		{3CFE03CA-2FA8-49B0-B371-A53685E81E18}.Debug|x86.ActiveCfg = Debug|Any CPU
		{3CFE03CA-2FA8-49B0-B371-A53685E81E18}.Debug|x86.Build.0 = Debug|Any CPU
		{3CFE03CA-2FA8-49B0-B371-A53685E81E18}.Release|Any CPU.ActiveCfg = Release|Any CPU
		{3CFE03CA-2FA8-49B0-B371-A53685E81E18}.Release|Any CPU.Build.0 = Release|Any CPU
		{3CFE03CA-2FA8-49B0-B371-A53685E81E18}.Release|x64.ActiveCfg = Release|Any CPU
		{3CFE03CA-2FA8-49B0-B371-A53685E81E18}.Release|x64.Build.0 = Release|Any CPU
		{3CFE03CA-2FA8-49B0-B371-A53685E81E18}.Release|x86.ActiveCfg = Release|Any CPU
		{3CFE03CA-2FA8-49B0-B371-A53685E81E18}.Release|x86.Build.0 = Release|Any CPU
		{C336DE60-E72D-4944-967B-9F191802AEB9}.Debug|Any CPU.ActiveCfg = Debug|Any CPU
		{C336DE60-E72D-4944-967B-9F191802AEB9}.Debug|Any CPU.Build.0 = Debug|Any CPU
		{C336DE60-E72D-4944-967B-9F191802AEB9}.Debug|x64.ActiveCfg = Debug|Any CPU
		{C336DE60-E72D-4944-967B-9F191802AEB9}.Debug|x64.Build.0 = Debug|Any CPU
		{C336DE60-E72D-4944-967B-9F191802AEB9}.Debug|x86.ActiveCfg = Debug|Any CPU
		{C336DE60-E72D-4944-967B-9F191802AEB9}.Debug|x86.Build.0 = Debug|Any CPU
		{C336DE60-E72D-4944-967B-9F191802AEB9}.Release|Any CPU.ActiveCfg = Release|Any CPU
		{C336DE60-E72D-4944-967B-9F191802AEB9}.Release|Any CPU.Build.0 = Release|Any CPU
		{C336DE60-E72D-4944-967B-9F191802AEB9}.Release|x64.ActiveCfg = Release|Any CPU
		{C336DE60-E72D-4944-967B-9F191802AEB9}.Release|x64.Build.0 = Release|Any CPU
		{C336DE60-E72D-4944-967B-9F191802AEB9}.Release|x86.ActiveCfg = Release|Any CPU
		{C336DE60-E72D-4944-967B-9F191802AEB9}.Release|x86.Build.0 = Release|Any CPU
		{4797748D-A027-4F2C-8797-B73B965B0B5F}.Debug|Any CPU.ActiveCfg = Debug|Any CPU
		{4797748D-A027-4F2C-8797-B73B965B0B5F}.Debug|Any CPU.Build.0 = Debug|Any CPU
		{4797748D-A027-4F2C-8797-B73B965B0B5F}.Debug|x64.ActiveCfg = Debug|Any CPU
		{4797748D-A027-4F2C-8797-B73B965B0B5F}.Debug|x64.Build.0 = Debug|Any CPU
		{4797748D-A027-4F2C-8797-B73B965B0B5F}.Debug|x86.ActiveCfg = Debug|Any CPU
		{4797748D-A027-4F2C-8797-B73B965B0B5F}.Debug|x86.Build.0 = Debug|Any CPU
		{4797748D-A027-4F2C-8797-B73B965B0B5F}.Release|Any CPU.ActiveCfg = Release|Any CPU
		{4797748D-A027-4F2C-8797-B73B965B0B5F}.Release|Any CPU.Build.0 = Release|Any CPU
		{4797748D-A027-4F2C-8797-B73B965B0B5F}.Release|x64.ActiveCfg = Release|Any CPU
		{4797748D-A027-4F2C-8797-B73B965B0B5F}.Release|x64.Build.0 = Release|Any CPU
		{4797748D-A027-4F2C-8797-B73B965B0B5F}.Release|x86.ActiveCfg = Release|Any CPU
		{4797748D-A027-4F2C-8797-B73B965B0B5F}.Release|x86.Build.0 = Release|Any CPU
	EndGlobalSection
EndGlobal
